
Microsoft Visual Studio Solution File, Format Version 12.00
# Visual Studio Version 17
VisualStudioVersion = 17.0.31903.59
MinimumVisualStudioVersion = 10.0.40219.1
Project("{2150E333-8FDC-42A3-9474-1A3956D46DE8}") = "frontend", "frontend", "{87E97156-C51C-4010-A972-CEB0ED17B415}"
EndProject
Project("{FAE04EC0-301F-11D3-BF4B-00C04F79EFBC}") = "EasyDevOps", "frontend\EasyDevOps\EasyDevOps.csproj", "{005BE01B-4F25-45F2-B674-394D49BDCCDE}"
EndProject
Global
	GlobalSection(SolutionConfigurationPlatforms) = preSolution
		Debug|Any CPU = Debug|Any CPU
		Release|Any CPU = Release|Any CPU
	EndGlobalSection
	GlobalSection(SolutionProperties) = preSolution
		HideSolutionNode = FALSE
	EndGlobalSection
	GlobalSection(ProjectConfigurationPlatforms) = postSolution
		{005BE01B-4F25-45F2-B674-394D49BDCCDE}.Debug|Any CPU.ActiveCfg = Debug|Any CPU
		{005BE01B-4F25-45F2-B674-394D49BDCCDE}.Debug|Any CPU.Build.0 = Debug|Any CPU
		{005BE01B-4F25-45F2-B674-394D49BDCCDE}.Release|Any CPU.ActiveCfg = Release|Any CPU
		{005BE01B-4F25-45F2-B674-394D49BDCCDE}.Release|Any CPU.Build.0 = Release|Any CPU
	EndGlobalSection
	GlobalSection(NestedProjects) = preSolution
		{005BE01B-4F25-45F2-B674-394D49BDCCDE} = {87E97156-C51C-4010-A972-CEB0ED17B415}
	EndGlobalSection
EndGlobal
